
Microsoft Visual Studio Solution File, Format Version 12.00
# Visual Studio Version 16
VisualStudioVersion = 16.0.28315.86
MinimumVisualStudioVersion = 10.0.40219.1
Project("{2150E333-8FDC-42A3-9474-1A3956D46DE8}") = "Engine", "Engine", "{CB719C6B-A2A6-4F76-825B-E44410C7A93C}"
EndProject
Project("{2150E333-8FDC-42A3-9474-1A3956D46DE8}") = "Games", "Games", "{476FA6C1-3C22-47E6-A602-F8DE55263B18}"
EndProject
Project("{8BC9CEB8-8B4A-11D0-8D11-00A0C91BC942}") = "UE4", "Intermediate\ProjectFiles\UE4.vcxproj", "{97BB16E6-7072-4ACE-85E2-DBFA43912229}"
EndProject
Project("{8BC9CEB8-8B4A-11D0-8D11-00A0C91BC942}") = "netcode_BPs", "Intermediate\ProjectFiles\netcode_BPs.vcxproj", "{3C028201-B1AD-41A4-9545-B4444B2F15F2}"
EndProject
Project("{2150E333-8FDC-42A3-9474-1A3956D46DE8}") = "Visualizers", "Visualizers", "{085DFEDE-F9B7-4B90-8E5E-1DD3BE259F10}"
	ProjectSection(SolutionItems) = preProject
		..\..\..\..\..\..\Program Files (x86)\UE_4.24\Engine\Extras\VisualStudioDebugging\UE4.natvis = ..\..\..\..\..\..\Program Files (x86)\UE_4.24\Engine\Extras\VisualStudioDebugging\UE4.natvis
	EndProjectSection
EndProject
Global
	GlobalSection(SolutionConfigurationPlatforms) = preSolution
		DebugGame Editor|Win32 = DebugGame Editor|Win32
		DebugGame Editor|Win64 = DebugGame Editor|Win64
		DebugGame|Win32 = DebugGame|Win32
		DebugGame|Win64 = DebugGame|Win64
		Development Editor|Win32 = Development Editor|Win32
		Development Editor|Win64 = Development Editor|Win64
		Development|Win32 = Development|Win32
		Development|Win64 = Development|Win64
		Shipping|Win32 = Shipping|Win32
		Shipping|Win64 = Shipping|Win64
	EndGlobalSection
	GlobalSection(ProjectConfigurationPlatforms) = postSolution
		{97BB16E6-7072-4ACE-85E2-DBFA43912229}.DebugGame Editor|Win32.ActiveCfg = BuiltWithUnrealBuildTool|Win32
		{97BB16E6-7072-4ACE-85E2-DBFA43912229}.DebugGame Editor|Win64.ActiveCfg = BuiltWithUnrealBuildTool|Win32
		{97BB16E6-7072-4ACE-85E2-DBFA43912229}.DebugGame|Win32.ActiveCfg = BuiltWithUnrealBuildTool|Win32
		{97BB16E6-7072-4ACE-85E2-DBFA43912229}.DebugGame|Win64.ActiveCfg = BuiltWithUnrealBuildTool|Win32
		{97BB16E6-7072-4ACE-85E2-DBFA43912229}.Development Editor|Win32.ActiveCfg = BuiltWithUnrealBuildTool|Win32
		{97BB16E6-7072-4ACE-85E2-DBFA43912229}.Development Editor|Win64.ActiveCfg = BuiltWithUnrealBuildTool|Win32
		{97BB16E6-7072-4ACE-85E2-DBFA43912229}.Development|Win32.ActiveCfg = BuiltWithUnrealBuildTool|Win32
		{97BB16E6-7072-4ACE-85E2-DBFA43912229}.Development|Win64.ActiveCfg = BuiltWithUnrealBuildTool|Win32
		{97BB16E6-7072-4ACE-85E2-DBFA43912229}.Shipping|Win32.ActiveCfg = BuiltWithUnrealBuildTool|Win32
		{97BB16E6-7072-4ACE-85E2-DBFA43912229}.Shipping|Win64.ActiveCfg = BuiltWithUnrealBuildTool|Win32
		{3C028201-B1AD-41A4-9545-B4444B2F15F2}.DebugGame Editor|Win32.ActiveCfg = Invalid|Win32
		{3C028201-B1AD-41A4-9545-B4444B2F15F2}.DebugGame Editor|Win64.ActiveCfg = DebugGame_Editor|x64
		{3C028201-B1AD-41A4-9545-B4444B2F15F2}.DebugGame Editor|Win64.Build.0 = DebugGame_Editor|x64
		{3C028201-B1AD-41A4-9545-B4444B2F15F2}.DebugGame|Win32.ActiveCfg = DebugGame|Win32
		{3C028201-B1AD-41A4-9545-B4444B2F15F2}.DebugGame|Win32.Build.0 = DebugGame|Win32
		{3C028201-B1AD-41A4-9545-B4444B2F15F2}.DebugGame|Win64.ActiveCfg = DebugGame|x64
		{3C028201-B1AD-41A4-9545-B4444B2F15F2}.DebugGame|Win64.Build.0 = DebugGame|x64
		{3C028201-B1AD-41A4-9545-B4444B2F15F2}.Development Editor|Win32.ActiveCfg = Invalid|Win32
		{3C028201-B1AD-41A4-9545-B4444B2F15F2}.Development Editor|Win64.ActiveCfg = Development_Editor|x64
		{3C028201-B1AD-41A4-9545-B4444B2F15F2}.Development Editor|Win64.Build.0 = Development_Editor|x64
		{3C028201-B1AD-41A4-9545-B4444B2F15F2}.Development|Win32.ActiveCfg = Development|Win32
		{3C028201-B1AD-41A4-9545-B4444B2F15F2}.Development|Win32.Build.0 = Development|Win32
		{3C028201-B1AD-41A4-9545-B4444B2F15F2}.Development|Win64.ActiveCfg = Development|x64
		{3C028201-B1AD-41A4-9545-B4444B2F15F2}.Development|Win64.Build.0 = Development|x64
		{3C028201-B1AD-41A4-9545-B4444B2F15F2}.Shipping|Win32.ActiveCfg = Shipping|Win32
		{3C028201-B1AD-41A4-9545-B4444B2F15F2}.Shipping|Win32.Build.0 = Shipping|Win32
		{3C028201-B1AD-41A4-9545-B4444B2F15F2}.Shipping|Win64.ActiveCfg = Shipping|x64
		{3C028201-B1AD-41A4-9545-B4444B2F15F2}.Shipping|Win64.Build.0 = Shipping|x64
	EndGlobalSection
	GlobalSection(SolutionProperties) = preSolution
		HideSolutionNode = FALSE
	EndGlobalSection
	GlobalSection(NestedProjects) = preSolution
		{97BB16E6-7072-4ACE-85E2-DBFA43912229} = {CB719C6B-A2A6-4F76-825B-E44410C7A93C}
		{3C028201-B1AD-41A4-9545-B4444B2F15F2} = {476FA6C1-3C22-47E6-A602-F8DE55263B18}
	EndGlobalSection
EndGlobal
